{
  "name": "@massif/sotw-data",
  "version": "1.0.1",
  "lockfileVersion": 2,
  "requires": true,
  "packages": {
    "": {
      "name": "@massif/sotw-data",
      "version": "1.0.1",
      "license": "GPL-3.0-or-later",
      "dependencies": {
        "buffer-crc32": "^0.2.13",
        "fd-slicer": "^1.1.0",
        "pend": "^1.2.0",
        "yauzl": "^2.10.0",
        "yazl": "^2.5.1"
      },
      "devDependencies": {
        "zip-lib": "^0.7.3"
      }
    },
    "node_modules/buffer-crc32": {
      "version": "0.2.13",
      "license": "MIT",
      "engines": {
        "node": "*"
      }
    },
    "node_modules/fd-slicer": {
      "version": "1.1.0",
      "license": "MIT",
      "dependencies": {
        "pend": "~1.2.0"
      }
    },
    "node_modules/pend": {
      "version": "1.2.0",
      "license": "MIT"
    },
    "node_modules/yauzl": {
      "version": "2.10.0",
      "license": "MIT",
      "dependencies": {
        "buffer-crc32": "~0.2.3",
        "fd-slicer": "~1.1.0"
      }
    },
    "node_modules/yazl": {
      "version": "2.5.1",
      "license": "MIT",
      "dependencies": {
        "buffer-crc32": "~0.2.3"
      }
    },
    "node_modules/zip-lib": {
      "version": "0.7.3",
      "dev": true,
      "license": "MIT",
      "dependencies": {
        "yauzl": "^2.10.0",
        "yazl": "^2.5.1"
      },
      "engines": {
        "node": ">=8"
      }
    }
  },
  "dependencies": {
    "buffer-crc32": {
      "version": "0.2.13"
    },
    "fd-slicer": {
      "version": "1.1.0",
      "requires": {
        "pend": "~1.2.0"
      }
    },
    "pend": {
      "version": "1.2.0"
    },
    "yauzl": {
      "version": "2.10.0",
      "requires": {
        "buffer-crc32": "~0.2.3",
        "fd-slicer": "~1.1.0"
      }
    },
    "yazl": {
      "version": "2.5.1",
      "requires": {
        "buffer-crc32": "~0.2.3"
      }
    },
    "zip-lib": {
      "version": "0.7.3",
      "dev": true,
      "requires": {
        "yauzl": "^2.10.0",
        "yazl": "^2.5.1"
      }
    }
  }
}
